
Microsoft Visual Studio Solution File, Format Version 12.00
Project("{FAE04EC0-301F-11D3-BF4B-00C04F79EFBC}") = "Messaging", "Messaging\Messaging.csproj", "{7B570E82-4AB9-48C0-AEFD-045C3050E620}"
EndProject
Project("{FAE04EC0-301F-11D3-BF4B-00C04F79EFBC}") = "Project1", "Project1\Project1.csproj", "{B797B17F-8D9A-435D-BC4C-21FBC97210D6}"
EndProject
Project("{FAE04EC0-301F-11D3-BF4B-00C04F79EFBC}") = "Project2", "Project2\Project2.csproj", "{D44674B7-59DA-49D6-9ED8-DEC3EF071952}"
EndProject
Project("{FAE04EC0-301F-11D3-BF4B-00C04F79EFBC}") = "Alert", "Alert\Alert.csproj", "{3F4DB3E7-3224-4430-BD6D-F96E8B40222B}"
EndProject
Project("{FAE04EC0-301F-11D3-BF4B-00C04F79EFBC}") = "ConsoleProducer", "ConsoleProducer\ConsoleProducer.csproj", "{ACF6E4E5-26B1-43FF-AD72-C072DFA399B6}"
EndProject
Project("{FAE04EC0-301F-11D3-BF4B-00C04F79EFBC}") = "SendConsumer", "SendConsumer\SendConsumer.csproj", "{C8348DD2-B436-4CC8-B11B-226DC36003C4}"
EndProject
Project("{FAE04EC0-301F-11D3-BF4B-00C04F79EFBC}") = "Service", "Service\Service.csproj", "{77D0B646-A6FB-4DAB-83A2-9AD3DAD21FD9}"
EndProject
Global
	GlobalSection(SolutionConfigurationPlatforms) = preSolution
		Debug|Any CPU = Debug|Any CPU
		Release|Any CPU = Release|Any CPU
	EndGlobalSection
	GlobalSection(ProjectConfigurationPlatforms) = postSolution
		{7B570E82-4AB9-48C0-AEFD-045C3050E620}.Debug|Any CPU.ActiveCfg = Debug|Any CPU
		{7B570E82-4AB9-48C0-AEFD-045C3050E620}.Debug|Any CPU.Build.0 = Debug|Any CPU
		{7B570E82-4AB9-48C0-AEFD-045C3050E620}.Release|Any CPU.ActiveCfg = Release|Any CPU
		{7B570E82-4AB9-48C0-AEFD-045C3050E620}.Release|Any CPU.Build.0 = Release|Any CPU
		{B797B17F-8D9A-435D-BC4C-21FBC97210D6}.Debug|Any CPU.ActiveCfg = Debug|Any CPU
		{B797B17F-8D9A-435D-BC4C-21FBC97210D6}.Debug|Any CPU.Build.0 = Debug|Any CPU
		{B797B17F-8D9A-435D-BC4C-21FBC97210D6}.Release|Any CPU.ActiveCfg = Release|Any CPU
		{B797B17F-8D9A-435D-BC4C-21FBC97210D6}.Release|Any CPU.Build.0 = Release|Any CPU
		{D44674B7-59DA-49D6-9ED8-DEC3EF071952}.Debug|Any CPU.ActiveCfg = Debug|Any CPU
		{D44674B7-59DA-49D6-9ED8-DEC3EF071952}.Debug|Any CPU.Build.0 = Debug|Any CPU
		{D44674B7-59DA-49D6-9ED8-DEC3EF071952}.Release|Any CPU.ActiveCfg = Release|Any CPU
		{D44674B7-59DA-49D6-9ED8-DEC3EF071952}.Release|Any CPU.Build.0 = Release|Any CPU
		{3F4DB3E7-3224-4430-BD6D-F96E8B40222B}.Debug|Any CPU.ActiveCfg = Debug|Any CPU
		{3F4DB3E7-3224-4430-BD6D-F96E8B40222B}.Debug|Any CPU.Build.0 = Debug|Any CPU
		{3F4DB3E7-3224-4430-BD6D-F96E8B40222B}.Release|Any CPU.ActiveCfg = Release|Any CPU
		{3F4DB3E7-3224-4430-BD6D-F96E8B40222B}.Release|Any CPU.Build.0 = Release|Any CPU
		{ACF6E4E5-26B1-43FF-AD72-C072DFA399B6}.Debug|Any CPU.ActiveCfg = Debug|Any CPU
		{ACF6E4E5-26B1-43FF-AD72-C072DFA399B6}.Debug|Any CPU.Build.0 = Debug|Any CPU
		{ACF6E4E5-26B1-43FF-AD72-C072DFA399B6}.Release|Any CPU.ActiveCfg = Release|Any CPU
		{ACF6E4E5-26B1-43FF-AD72-C072DFA399B6}.Release|Any CPU.Build.0 = Release|Any CPU
		{C8348DD2-B436-4CC8-B11B-226DC36003C4}.Debug|Any CPU.ActiveCfg = Debug|Any CPU
		{C8348DD2-B436-4CC8-B11B-226DC36003C4}.Debug|Any CPU.Build.0 = Debug|Any CPU
		{C8348DD2-B436-4CC8-B11B-226DC36003C4}.Release|Any CPU.ActiveCfg = Release|Any CPU
		{C8348DD2-B436-4CC8-B11B-226DC36003C4}.Release|Any CPU.Build.0 = Release|Any CPU
		{77D0B646-A6FB-4DAB-83A2-9AD3DAD21FD9}.Debug|Any CPU.ActiveCfg = Debug|Any CPU
		{77D0B646-A6FB-4DAB-83A2-9AD3DAD21FD9}.Debug|Any CPU.Build.0 = Debug|Any CPU
		{77D0B646-A6FB-4DAB-83A2-9AD3DAD21FD9}.Release|Any CPU.ActiveCfg = Release|Any CPU
		{77D0B646-A6FB-4DAB-83A2-9AD3DAD21FD9}.Release|Any CPU.Build.0 = Release|Any CPU
	EndGlobalSection
EndGlobal
